
Microsoft Visual Studio Solution File, Format Version 12.00
# Visual Studio Version 17
VisualStudioVersion = 17.13.35931.197 d17.13
MinimumVisualStudioVersion = 10.0.40219.1
Project("{FAE04EC0-301F-11D3-BF4B-00C04F79EFBC}") = "FuzzyMachine", "FuzzyMachine\FuzzyMachine.csproj", "{ED03DF48-AC6F-4FE1-B974-EFE2282A64EB}"
EndProject
Global
	GlobalSection(SolutionConfigurationPlatforms) = preSolution
		Debug|Any CPU = Debug|Any CPU
		Release|Any CPU = Release|Any CPU
	EndGlobalSection
	GlobalSection(ProjectConfigurationPlatforms) = postSolution
		{ED03DF48-AC6F-4FE1-B974-EFE2282A64EB}.Debug|Any CPU.ActiveCfg = Debug|Any CPU
		{ED03DF48-AC6F-4FE1-B974-EFE2282A64EB}.Debug|Any CPU.Build.0 = Debug|Any CPU
		{ED03DF48-AC6F-4FE1-B974-EFE2282A64EB}.Release|Any CPU.ActiveCfg = Release|Any CPU
		{ED03DF48-AC6F-4FE1-B974-EFE2282A64EB}.Release|Any CPU.Build.0 = Release|Any CPU
	EndGlobalSection
	GlobalSection(SolutionProperties) = preSolution
		HideSolutionNode = FALSE
	EndGlobalSection
	GlobalSection(ExtensibilityGlobals) = postSolution
		SolutionGuid = {4F194B12-EB65-4C95-9AA6-C123B34DF6CD}
	EndGlobalSection
EndGlobal
